// !$*UTF8*$!
{
	archiveVersion = 1;
	classes = {
	};
	objectVersion = 46;
	objects = {

/* Begin PBXBuildFile section */
		FEE6C90D1C34B75900EA6D74 /* main.m in Sources */ = {isa = PBXBuildFile; fileRef = FEE6C90C1C34B75900EA6D74 /* main.m */; };
		FEE6C9101C34B75900EA6D74 /* AppDelegate.m in Sources */ = {isa = PBXBuildFile; fileRef = FEE6C90F1C34B75900EA6D74 /* AppDelegate.m */; };
		FEE6C9131C34B75900EA6D74 /* ViewController.m in Sources */ = {isa = PBXBuildFile; fileRef = FEE6C9121C34B75900EA6D74 /* ViewController.m */; };
		FEE6C9161C34B75900EA6D74 /* Main.storyboard in Resources */ = {isa = PBXBuildFile; fileRef = FEE6C9141C34B75900EA6D74 /* Main.storyboard */; };
		FEE6C9181C34B75900EA6D74 /* Assets.xcassets in Resources */ = {isa = PBXBuildFile; fileRef = FEE6C9171C34B75900EA6D74 /* Assets.xcassets */; };
		FEE6C91B1C34B75900EA6D74 /* LaunchScreen.storyboard in Resources */ = {isa = PBXBuildFile; fileRef = FEE6C9191C34B75900EA6D74 /* LaunchScreen.storyboard */; };
		FEE6C9261C34B75900EA6D74 /* TaxCalculatorTests.m in Sources */ = {isa = PBXBuildFile; fileRef = FEE6C9251C34B75900EA6D74 /* TaxCalculatorTests.m */; };
		FEE6C9311C34B75900EA6D74 /* TaxCalculatorUITests.m in Sources */ = {isa = PBXBuildFile; fileRef = FEE6C9301C34B75900EA6D74 /* TaxCalculatorUITests.m */; };
/* End PBXBuildFile section */

/* Begin PBXContainerItemProxy section */
		FEE6C9221C34B75900EA6D74 /* PBXContainerItemProxy */ = {
			isa = PBXContainerItemProxy;
			containerPortal = FEE6C9001C34B75900EA6D74 /* Project object */;
			proxyType = 1;
			remoteGlobalIDString = FEE6C9071C34B75900EA6D74;
			remoteInfo = TaxCalculator;
		};
		FEE6C92D1C34B75900EA6D74 /* PBXContainerItemProxy */ = {
			isa = PBXContainerItemProxy;
			containerPortal = FEE6C9001C34B75900EA6D74 /* Project object */;
			proxyType = 1;
			remoteGlobalIDString = FEE6C9071C34B75900EA6D74;
			remoteInfo = TaxCalculator;
		};
/* End PBXContainerItemProxy section */

/* Begin PBXFileReference section */
		FEE6C9081C34B75900EA6D74 /* TaxCalculator.app */ = {isa = PBXFileReference; explicitFileType = wrapper.application; includeInIndex = 0; path = TaxCalculator.app; sourceTree = BUILT_PRODUCTS_DIR; };
		FEE6C90C1C34B75900EA6D74 /* main.m */ = {isa = PBXFileReference; lastKnownFileType = sourcecode.c.objc; path = main.m; sourceTree = "<group>"; };
		FEE6C90E1C34B75900EA6D74 /* AppDelegate.h */ = {isa = PBXFileReference; lastKnownFileType = sourcecode.c.h; path = AppDelegate.h; sourceTree = "<group>"; };
		FEE6C90F1C34B75900EA6D74 /* AppDelegate.m */ = {isa = PBXFileReference; lastKnownFileType = sourcecode.c.objc; path = AppDelegate.m; sourceTree = "<group>"; };
		FEE6C9111C34B75900EA6D74 /* ViewController.h */ = {isa = PBXFileReference; lastKnownFileType = sourcecode.c.h; path = ViewController.h; sourceTree = "<group>"; };
		FEE6C9121C34B75900EA6D74 /* ViewController.m */ = {isa = PBXFileReference; lastKnownFileType = sourcecode.c.objc; path = ViewController.m; sourceTree = "<group>"; };
		FEE6C9151C34B75900EA6D74 /* Base */ = {isa = PBXFileReference; lastKnownFileType = file.storyboard; name = Base; path = Base.lproj/Main.storyboard; sourceTree = "<group>"; };
		FEE6C9171C34B75900EA6D74 /* Assets.xcassets */ = {isa = PBXFileReference; lastKnownFileType = folder.assetcatalog; path = Assets.xcassets; sourceTree = "<group>"; };
		FEE6C91A1C34B75900EA6D74 /* Base */ = {isa = PBXFileReference; lastKnownFileType = file.storyboard; name = Base; path = Base.lproj/LaunchScreen.storyboard; sourceTree = "<group>"; };
		FEE6C91C1C34B75900EA6D74 /* Info.plist */ = {isa = PBXFileReference; lastKnownFileType = text.plist.xml; path = Info.plist; sourceTree = "<group>"; };
		FEE6C9211C34B75900EA6D74 /* TaxCalculatorTests.xctest */ = {isa = PBXFileReference; explicitFileType = wrapper.cfbundle; includeInIndex = 0; path = TaxCalculatorTests.xctest; sourceTree = BUILT_PRODUCTS_DIR; };
		FEE6C9251C34B75900EA6D74 /* TaxCalculatorTests.m */ = {isa = PBXFileReference; lastKnownFileType = sourcecode.c.objc; path = TaxCalculatorTests.m; sourceTree = "<group>"; };
		FEE6C9271C34B75900EA6D74 /* Info.plist */ = {isa = PBXFileReference; lastKnownFileType = text.plist.xml; path = Info.plist; sourceTree = "<group>"; };
		FEE6C92C1C34B75900EA6D74 /* TaxCalculatorUITests.xctest */ = {isa = PBXFileReference; explicitFileType = wrapper.cfbundle; includeInIndex = 0; path = TaxCalculatorUITests.xctest; sourceTree = BUILT_PRODUCTS_DIR; };
		FEE6C9301C34B75900EA6D74 /* TaxCalculatorUITests.m */ = {isa = PBXFileReference; lastKnownFileType = sourcecode.c.objc; path = TaxCalculatorUITests.m; sourceTree = "<group>"; };
		FEE6C9321C34B75900EA6D74 /* Info.plist */ = {isa = PBXFileReference; lastKnownFileType = text.plist.xml; path = Info.plist; sourceTree = "<group>"; };
/* End PBXFileReference section */

/* Begin PBXFrameworksBuildPhase section */
		FEE6C9051C34B75900EA6D74 /* Frameworks */ = {
			isa = PBXFrameworksBuildPhase;
			buildActionMask = 2147483647;
			files = (
			);
			runOnlyForDeploymentPostprocessing = 0;
		};
		FEE6C91E1C34B75900EA6D74 /* Frameworks */ = {
			isa = PBXFrameworksBuildPhase;
			buildActionMask = 2147483647;
			files = (
			);
			runOnlyForDeploymentPostprocessing = 0;
		};
		FEE6C9291C34B75900EA6D74 /* Frameworks */ = {
			isa = PBXFrameworksBuildPhase;
			buildActionMask = 2147483647;
			files = (
			);
			runOnlyForDeploymentPostprocessing = 0;
		};
/* End PBXFrameworksBuildPhase section */

/* Begin PBXGroup section */
		FEE6C8FF1C34B75900EA6D74 = {
			isa = PBXGroup;
			children = (
				FEE6C90A1C34B75900EA6D74 /* TaxCalculator */,
				FEE6C9241C34B75900EA6D74 /* TaxCalculatorTests */,
				FEE6C92F1C34B75900EA6D74 /* TaxCalculatorUITests */,
				FEE6C9091C34B75900EA6D74 /* Products */,
			);
			sourceTree = "<group>";
		};
		FEE6C9091C34B75900EA6D74 /* Products */ = {
			isa = PBXGroup;
			children = (
				FEE6C9081C34B75900EA6D74 /* TaxCalculator.app */,
				FEE6C9211C34B75900EA6D74 /* TaxCalculatorTests.xctest */,
				FEE6C92C1C34B75900EA6D74 /* TaxCalculatorUITests.xctest */,
			);
			name = Products;
			sourceTree = "<group>";
		};
		FEE6C90A1C34B75900EA6D74 /* TaxCalculator */ = {
			isa = PBXGroup;
			children = (
				FEE6C90E1C34B75900EA6D74 /* AppDelegate.h */,
				FEE6C90F1C34B75900EA6D74 /* AppDelegate.m */,
				FEE6C9111C34B75900EA6D74 /* ViewController.h */,
				FEE6C9121C34B75900EA6D74 /* ViewController.m */,
				FEE6C9141C34B75900EA6D74 /* Main.storyboard */,
				FEE6C9171C34B75900EA6D74 /* Assets.xcassets */,
				FEE6C9191C34B75900EA6D74 /* LaunchScreen.storyboard */,
				FEE6C91C1C34B75900EA6D74 /* Info.plist */,
				FEE6C90B1C34B75900EA6D74 /* Supporting Files */,
			);
			path = TaxCalculator;
			sourceTree = "<group>";
		};
		FEE6C90B1C34B75900EA6D74 /* Supporting Files */ = {
			isa = PBXGroup;
			children = (
				FEE6C90C1C34B75900EA6D74 /* main.m */,
			);
			name = "Supporting Files";
			sourceTree = "<group>";
		};
		FEE6C9241C34B75900EA6D74 /* TaxCalculatorTests */ = {
			isa = PBXGroup;
			children = (
				FEE6C9251C34B75900EA6D74 /* TaxCalculatorTests.m */,
				FEE6C9271C34B75900EA6D74 /* Info.plist */,
			);
			path = TaxCalculatorTests;
			sourceTree = "<group>";
		};
		FEE6C92F1C34B75900EA6D74 /* TaxCalculatorUITests */ = {
			isa = PBXGroup;
			children = (
				FEE6C9301C34B75900EA6D74 /* TaxCalculatorUITests.m */,
				FEE6C9321C34B75900EA6D74 /* Info.plist */,
			);
			path = TaxCalculatorUITests;
			sourceTree = "<group>";
		};
/* End PBXGroup section */

/* Begin PBXNativeTarget section */
		FEE6C9071C34B75900EA6D74 /* TaxCalculator */ = {
			isa = PBXNativeTarget;
			buildConfigurationList = FEE6C9351C34B75900EA6D74 /* Build configuration list for PBXNativeTarget "TaxCalculator" */;
			buildPhases = (
				FEE6C9041C34B75900EA6D74 /* Sources */,
				FEE6C9051C34B75900EA6D74 /* Frameworks */,
				FEE6C9061C34B75900EA6D74 /* Resources */,
			);
			buildRules = (
			);
			dependencies = (
			);
			name = TaxCalculator;
			productName = TaxCalculator;
			productReference = FEE6C9081C34B75900EA6D74 /* TaxCalculator.app */;
			productType = "com.apple.product-type.application";
		};
		FEE6C9201C34B75900EA6D74 /* TaxCalculatorTests */ = {
			isa = PBXNativeTarget;
			buildConfigurationList = FEE6C9381C34B75900EA6D74 /* Build configuration list for PBXNativeTarget "TaxCalculatorTests" */;
			buildPhases = (
				FEE6C91D1C34B75900EA6D74 /* Sources */,
				FEE6C91E1C34B75900EA6D74 /* Frameworks */,
				FEE6C91F1C34B75900EA6D74 /* Resources */,
			);
			buildRules = (
			);
			dependencies = (
				FEE6C9231C34B75900EA6D74 /* PBXTargetDependency */,
			);
			name = TaxCalculatorTests;
			productName = TaxCalculatorTests;
			productReference = FEE6C9211C34B75900EA6D74 /* TaxCalculatorTests.xctest */;
			productType = "com.apple.product-type.bundle.unit-test";
		};
		FEE6C92B1C34B75900EA6D74 /* TaxCalculatorUITests */ = {
			isa = PBXNativeTarget;
			buildConfigurationList = FEE6C93B1C34B75900EA6D74 /* Build configuration list for PBXNativeTarget "TaxCalculatorUITests" */;
			buildPhases = (
				FEE6C9281C34B75900EA6D74 /* Sources */,
				FEE6C9291C34B75900EA6D74 /* Frameworks */,
				FEE6C92A1C34B75900EA6D74 /* Resources */,
			);
			buildRules = (
			);
			dependencies = (
				FEE6C92E1C34B75900EA6D74 /* PBXTargetDependency */,
			);
			name = TaxCalculatorUITests;
			productName = TaxCalculatorUITests;
			productReference = FEE6C92C1C34B75900EA6D74 /* TaxCalculatorUITests.xctest */;
			productType = "com.apple.product-type.bundle.ui-testing";
		};
/* End PBXNativeTarget section */

/* Begin PBXProject section */
		FEE6C9001C34B75900EA6D74 /* Project object */ = {
			isa = PBXProject;
			attributes = {
				LastUpgradeCheck = 0720;
				ORGANIZATIONNAME = "Michael Saltzman";
				TargetAttributes = {
					FEE6C9071C34B75900EA6D74 = {
						CreatedOnToolsVersion = 7.2;
					};
					FEE6C9201C34B75900EA6D74 = {
						CreatedOnToolsVersion = 7.2;
						TestTargetID = FEE6C9071C34B75900EA6D74;
					};
					FEE6C92B1C34B75900EA6D74 = {
						CreatedOnToolsVersion = 7.2;
						TestTargetID = FEE6C9071C34B75900EA6D74;
					};
				};
			};
			buildConfigurationList = FEE6C9031C34B75900EA6D74 /* Build configuration list for PBXProject "TaxCalculator" */;
			compatibilityVersion = "Xcode 3.2";
			developmentRegion = English;
			hasScannedForEncodings = 0;
			knownRegions = (
				en,
				Base,
			);
			mainGroup = FEE6C8FF1C34B75900EA6D74;
			productRefGroup = FEE6C9091C34B75900EA6D74 /* Products */;
			projectDirPath = "";
			projectRoot = "";
			targets = (
				FEE6C9071C34B75900EA6D74 /* TaxCalculator */,
				FEE6C9201C34B75900EA6D74 /* TaxCalculatorTests */,
				FEE6C92B1C34B75900EA6D74 /* TaxCalculatorUITests */,
			);
		};
/* End PBXProject section */

/* Begin PBXResourcesBuildPhase section */
		FEE6C9061C34B75900EA6D74 /* Resources */ = {
			isa = PBXResourcesBuildPhase;
			buildActionMask = 2147483647;
			files = (
				FEE6C91B1C34B75900EA6D74 /* LaunchScreen.storyboard in Resources */,
				FEE6C9181C34B75900EA6D74 /* Assets.xcassets in Resources */,
				FEE6C9161C34B75900EA6D74 /* Main.storyboard in Resources */,
			);
			runOnlyForDeploymentPostprocessing = 0;
		};
		FEE6C91F1C34B75900EA6D74 /* Resources */ = {
			isa = PBXResourcesBuildPhase;
			buildActionMask = 2147483647;
			files = (
			);
			runOnlyForDeploymentPostprocessing = 0;
		};
		FEE6C92A1C34B75900EA6D74 /* Resources */ = {
			isa = PBXResourcesBuildPhase;
			buildActionMask = 2147483647;
			files = (
			);
			runOnlyForDeploymentPostprocessing = 0;
		};
/* End PBXResourcesBuildPhase section */

/* Begin PBXSourcesBuildPhase section */
		FEE6C9041C34B75900EA6D74 /* Sources */ = {
			isa = PBXSourcesBuildPhase;
			buildActionMask = 2147483647;
			files = (
				FEE6C9131C34B75900EA6D74 /* ViewController.m in Sources */,
				FEE6C9101C34B75900EA6D74 /* AppDelegate.m in Sources */,
				FEE6C90D1C34B75900EA6D74 /* main.m in Sources */,
			);
			runOnlyForDeploymentPostprocessing = 0;
		};
		FEE6C91D1C34B75900EA6D74 /* Sources */ = {
			isa = PBXSourcesBuildPhase;
			buildActionMask = 2147483647;
			files = (
				FEE6C9261C34B75900EA6D74 /* TaxCalculatorTests.m in Sources */,
			);
			runOnlyForDeploymentPostprocessing = 0;
		};
		FEE6C9281C34B75900EA6D74 /* Sources */ = {
			isa = PBXSourcesBuildPhase;
			buildActionMask = 2147483647;
			files = (
				FEE6C9311C34B75900EA6D74 /* TaxCalculatorUITests.m in Sources */,
			);
			runOnlyForDeploymentPostprocessing = 0;
		};
/* End PBXSourcesBuildPhase section */

/* Begin PBXTargetDependency section */
		FEE6C9231C34B75900EA6D74 /* PBXTargetDependency */ = {
			isa = PBXTargetDependency;
			target = FEE6C9071C34B75900EA6D74 /* TaxCalculator */;
			targetProxy = FEE6C9221C34B75900EA6D74 /* PBXContainerItemProxy */;
		};
		FEE6C92E1C34B75900EA6D74 /* PBXTargetDependency */ = {
			isa = PBXTargetDependency;
			target = FEE6C9071C34B75900EA6D74 /* TaxCalculator */;
			targetProxy = FEE6C92D1C34B75900EA6D74 /* PBXContainerItemProxy */;
		};
/* End PBXTargetDependency section */

/* Begin PBXVariantGroup section */
		FEE6C9141C34B75900EA6D74 /* Main.storyboard */ = {
			isa = PBXVariantGroup;
			children = (
				FEE6C9151C34B75900EA6D74 /* Base */,
			);
			name = Main.storyboard;
			sourceTree = "<group>";
		};
		FEE6C9191C34B75900EA6D74 /* LaunchScreen.storyboard */ = {
			isa = PBXVariantGroup;
			children = (
				FEE6C91A1C34B75900EA6D74 /* Base */,
			);
			name = LaunchScreen.storyboard;
			sourceTree = "<group>";
		};
/* End PBXVariantGroup section */

/* Begin XCBuildConfiguration section */
		FEE6C9331C34B75900EA6D74 /* Debug */ = {
			isa = XCBuildConfiguration;
			buildSettings = {
				ALWAYS_SEARCH_USER_PATHS = NO;
				CLANG_CXX_LANGUAGE_STANDARD = "gnu++0x";
				CLANG_CXX_LIBRARY = "libc++";
				CLANG_ENABLE_MODULES = YES;
				CLANG_ENABLE_OBJC_ARC = YES;
				CLANG_WARN_BOOL_CONVERSION = YES;
				CLANG_WARN_CONSTANT_CONVERSION = YES;
				CLANG_WARN_DIRECT_OBJC_ISA_USAGE = YES_ERROR;
				CLANG_WARN_EMPTY_BODY = YES;
				CLANG_WARN_ENUM_CONVERSION = YES;
				CLANG_WARN_INT_CONVERSION = YES;
				CLANG_WARN_OBJC_ROOT_CLASS = YES_ERROR;
				CLANG_WARN_UNREACHABLE_CODE = YES;
				CLANG_WARN__DUPLICATE_METHOD_MATCH = YES;
				"CODE_SIGN_IDENTITY[sdk=iphoneos*]" = "iPhone Developer";
				COPY_PHASE_STRIP = NO;
				DEBUG_INFORMATION_FORMAT = dwarf;
				ENABLE_STRICT_OBJC_MSGSEND = YES;
				ENABLE_TESTABILITY = YES;
				GCC_C_LANGUAGE_STANDARD = gnu99;
				GCC_DYNAMIC_NO_PIC = NO;
				GCC_NO_COMMON_BLOCKS = YES;
				GCC_OPTIMIZATION_LEVEL = 0;
				GCC_PREPROCESSOR_DEFINITIONS = (
					"DEBUG=1",
					"$(inherited)",
				);
				GCC_WARN_64_TO_32_BIT_CONVERSION = YES;
				GCC_WARN_ABOUT_RETURN_TYPE = YES_ERROR;
				GCC_WARN_UNDECLARED_SELECTOR = YES;
				GCC_WARN_UNINITIALIZED_AUTOS = YES_AGGRESSIVE;
				GCC_WARN_UNUSED_FUNCTION = YES;
				GCC_WARN_UNUSED_VARIABLE = YES;
				IPHONEOS_DEPLOYMENT_TARGET = 9.2;
				MTL_ENABLE_DEBUG_INFO = YES;
				ONLY_ACTIVE_ARCH = YES;
				SDKROOT = iphoneos;
			};
			name = Debug;
		};
		FEE6C9341C34B75900EA6D74 /* Release */ = {
			isa = XCBuildConfiguration;
			buildSettings = {
				ALWAYS_SEARCH_USER_PATHS = NO;
				CLANG_CXX_LANGUAGE_STANDARD = "gnu++0x";
				CLANG_CXX_LIBRARY = "libc++";
				CLANG_ENABLE_MODULES = YES;
				CLANG_ENABLE_OBJC_ARC = YES;
				CLANG_WARN_BOOL_CONVERSION = YES;
				CLANG_WARN_CONSTANT_CONVERSION = YES;
				CLANG_WARN_DIRECT_OBJC_ISA_USAGE = YES_ERROR;
				CLANG_WARN_EMPTY_BODY = YES;
				CLANG_WARN_ENUM_CONVERSION = YES;
				CLANG_WARN_INT_CONVERSION = YES;
				CLANG_WARN_OBJC_ROOT_CLASS = YES_ERROR;
				CLANG_WARN_UNREACHABLE_CODE = YES;
				CLANG_WARN__DUPLICATE_METHOD_MATCH = YES;
				"CODE_SIGN_IDENTITY[sdk=iphoneos*]" = "iPhone Developer";
				COPY_PHASE_STRIP = NO;
				DEBUG_INFORMATION_FORMAT = "dwarf-with-dsym";
				ENABLE_NS_ASSERTIONS = NO;
				ENABLE_STRICT_OBJC_MSGSEND = YES;
				GCC_C_LANGUAGE_STANDARD = gnu99;
				GCC_NO_COMMON_BLOCKS = YES;
				GCC_WARN_64_TO_32_BIT_CONVERSION = YES;
				GCC_WARN_ABOUT_RETURN_TYPE = YES_ERROR;
				GCC_WARN_UNDECLARED_SELECTOR = YES;
				GCC_WARN_UNINITIALIZED_AUTOS = YES_AGGRESSIVE;
				GCC_WARN_UNUSED_FUNCTION = YES;
				GCC_WARN_UNUSED_VARIABLE = YES;
				IPHONEOS_DEPLOYMENT_TARGET = 9.2;
				MTL_ENABLE_DEBUG_INFO = NO;
				SDKROOT = iphoneos;
				VALIDATE_PRODUCT = YES;
			};
			name = Release;
		};
		FEE6C9361C34B75900EA6D74 /* Debug */ = {
			isa = XCBuildConfiguration;
			buildSettings = {
				ASSETCATALOG_COMPILER_APPICON_NAME = AppIcon;
				INFOPLIST_FILE = TaxCalculator/Info.plist;
				LD_RUNPATH_SEARCH_PATHS = "$(inherited) @executable_path/Frameworks";
				PRODUCT_BUNDLE_IDENTIFIER = MobileMakers.TaxCalculator;
				PRODUCT_NAME = "$(TARGET_NAME)";
			};
			name = Debug;
		};
		FEE6C9371C34B75900EA6D74 /* Release */ = {
			isa = XCBuildConfiguration;
			buildSettings = {
				ASSETCATALOG_COMPILER_APPICON_NAME = AppIcon;
				INFOPLIST_FILE = TaxCalculator/Info.plist;
				LD_RUNPATH_SEARCH_PATHS = "$(inherited) @executable_path/Frameworks";
				PRODUCT_BUNDLE_IDENTIFIER = MobileMakers.TaxCalculator;
				PRODUCT_NAME = "$(TARGET_NAME)";
			};
			name = Release;
		};
		FEE6C9391C34B75900EA6D74 /* Debug */ = {
			isa = XCBuildConfiguration;
			buildSettings = {
				BUNDLE_LOADER = "$(TEST_HOST)";
				INFOPLIST_FILE = TaxCalculatorTests/Info.plist;
				LD_RUNPATH_SEARCH_PATHS = "$(inherited) @executable_path/Frameworks @loader_path/Frameworks";
				PRODUCT_BUNDLE_IDENTIFIER = MobileMakers.TaxCalculatorTests;
				PRODUCT_NAME = "$(TARGET_NAME)";
				TEST_HOST = "$(BUILT_PRODUCTS_DIR)/TaxCalculator.app/TaxCalculator";
			};
			name = Debug;
		};
		FEE6C93A1C34B75900EA6D74 /* Release */ = {
			isa = XCBuildConfiguration;
			buildSettings = {
				BUNDLE_LOADER = "$(TEST_HOST)";
				INFOPLIST_FILE = TaxCalculatorTests/Info.plist;
				LD_RUNPATH_SEARCH_PATHS = "$(inherited) @executable_path/Frameworks @loader_path/Frameworks";
				PRODUCT_BUNDLE_IDENTIFIER = MobileMakers.TaxCalculatorTests;
				PRODUCT_NAME = "$(TARGET_NAME)";
				TEST_HOST = "$(BUILT_PRODUCTS_DIR)/TaxCalculator.app/TaxCalculator";
			};
			name = Release;
		};
		FEE6C93C1C34B75900EA6D74 /* Debug */ = {
			isa = XCBuildConfiguration;
			buildSettings = {
				INFOPLIST_FILE = TaxCalculatorUITests/Info.plist;
				LD_RUNPATH_SEARCH_PATHS = "$(inherited) @executable_path/Frameworks @loader_path/Frameworks";
				PRODUCT_BUNDLE_IDENTIFIER = MobileMakers.TaxCalculatorUITests;
				PRODUCT_NAME = "$(TARGET_NAME)";
				TEST_TARGET_NAME = TaxCalculator;
				USES_XCTRUNNER = YES;
			};
			name = Debug;
		};
		FEE6C93D1C34B75900EA6D74 /* Release */ = {
			isa = XCBuildConfiguration;
			buildSettings = {
				INFOPLIST_FILE = TaxCalculatorUITests/Info.plist;
				LD_RUNPATH_SEARCH_PATHS = "$(inherited) @executable_path/Frameworks @loader_path/Frameworks";
				PRODUCT_BUNDLE_IDENTIFIER = MobileMakers.TaxCalculatorUITests;
				PRODUCT_NAME = "$(TARGET_NAME)";
				TEST_TARGET_NAME = TaxCalculator;
				USES_XCTRUNNER = YES;
			};
			name = Release;
		};
/* End XCBuildConfiguration section */

/* Begin XCConfigurationList section */
		FEE6C9031C34B75900EA6D74 /* Build configuration list for PBXProject "TaxCalculator" */ = {
			isa = XCConfigurationList;
			buildConfigurations = (
				FEE6C9331C34B75900EA6D74 /* Debug */,
				FEE6C9341C34B75900EA6D74 /* Release */,
			);
			defaultConfigurationIsVisible = 0;
			defaultConfigurationName = Release;
		};
		FEE6C9351C34B75900EA6D74 /* Build configuration list for PBXNativeTarget "TaxCalculator" */ = {
			isa = XCConfigurationList;
			buildConfigurations = (
				FEE6C9361C34B75900EA6D74 /* Debug */,
				FEE6C9371C34B75900EA6D74 /* Release */,
			);
			defaultConfigurationIsVisible = 0;
		};
		FEE6C9381C34B75900EA6D74 /* Build configuration list for PBXNativeTarget "TaxCalculatorTests" */ = {
			isa = XCConfigurationList;
			buildConfigurations = (
				FEE6C9391C34B75900EA6D74 /* Debug */,
				FEE6C93A1C34B75900EA6D74 /* Release */,
			);
			defaultConfigurationIsVisible = 0;
		};
		FEE6C93B1C34B75900EA6D74 /* Build configuration list for PBXNativeTarget "TaxCalculatorUITests" */ = {
			isa = XCConfigurationList;
			buildConfigurations = (
				FEE6C93C1C34B75900EA6D74 /* Debug */,
				FEE6C93D1C34B75900EA6D74 /* Release */,
			);
			defaultConfigurationIsVisible = 0;
		};
/* End XCConfigurationList section */
	};
	rootObject = FEE6C9001C34B75900EA6D74 /* Project object */;
}
